// !$*UTF8*$!
{
	archiveVersion = 1;
	classes = {
	};
	objectVersion = 50;
	objects = {

/* Begin PBXBuildFile section */
		27014DA121C0A8CC0015E92B /* AppDelegate.swift in Sources */ = {isa = PBXBuildFile; fileRef = 27014DA021C0A8CC0015E92B /* AppDelegate.swift */; };
		27014DA321C0A8CC0015E92B /* ViewController.swift in Sources */ = {isa = PBXBuildFile; fileRef = 27014DA221C0A8CC0015E92B /* ViewController.swift */; };
		27014DA621C0A8CC0015E92B /* Main.storyboard in Resources */ = {isa = PBXBuildFile; fileRef = 27014DA421C0A8CC0015E92B /* Main.storyboard */; };
		27014DA821C0A8CE0015E92B /* Assets.xcassets in Resources */ = {isa = PBXBuildFile; fileRef = 27014DA721C0A8CE0015E92B /* Assets.xcassets */; };
		27014DAB21C0A8CE0015E92B /* LaunchScreen.storyboard in Resources */ = {isa = PBXBuildFile; fileRef = 27014DA921C0A8CE0015E92B /* LaunchScreen.storyboard */; };
		27014DB521C0E6D60015E92B /* HJWebsocketDogma.swift in Sources */ = {isa = PBXBuildFile; fileRef = 27014DB421C0E6D60015E92B /* HJWebsocketDogma.swift */; };
		CCD1889A62BCCCC2D9527A5C /* libPods-Sample.a in Frameworks */ = {isa = PBXBuildFile; fileRef = 1E017300CE951F59EAFA13DB /* libPods-Sample.a */; };
/* End PBXBuildFile section */

/* Begin PBXFileReference section */
		1E017300CE951F59EAFA13DB /* libPods-Sample.a */ = {isa = PBXFileReference; explicitFileType = archive.ar; includeInIndex = 0; path = "libPods-Sample.a"; sourceTree = BUILT_PRODUCTS_DIR; };
		27014D9D21C0A8CC0015E92B /* Sample.app */ = {isa = PBXFileReference; explicitFileType = wrapper.application; includeInIndex = 0; path = Sample.app; sourceTree = BUILT_PRODUCTS_DIR; };
		27014DA021C0A8CC0015E92B /* AppDelegate.swift */ = {isa = PBXFileReference; lastKnownFileType = sourcecode.swift; path = AppDelegate.swift; sourceTree = "<group>"; };
		27014DA221C0A8CC0015E92B /* ViewController.swift */ = {isa = PBXFileReference; lastKnownFileType = sourcecode.swift; path = ViewController.swift; sourceTree = "<group>"; };
		27014DA521C0A8CC0015E92B /* Base */ = {isa = PBXFileReference; lastKnownFileType = file.storyboard; name = Base; path = Base.lproj/Main.storyboard; sourceTree = "<group>"; };
		27014DA721C0A8CE0015E92B /* Assets.xcassets */ = {isa = PBXFileReference; lastKnownFileType = folder.assetcatalog; path = Assets.xcassets; sourceTree = "<group>"; };
		27014DAA21C0A8CE0015E92B /* Base */ = {isa = PBXFileReference; lastKnownFileType = file.storyboard; name = Base; path = Base.lproj/LaunchScreen.storyboard; sourceTree = "<group>"; };
		27014DAC21C0A8CE0015E92B /* Info.plist */ = {isa = PBXFileReference; lastKnownFileType = text.plist.xml; path = Info.plist; sourceTree = "<group>"; };
		27014DB421C0E6D60015E92B /* HJWebsocketDogma.swift */ = {isa = PBXFileReference; lastKnownFileType = sourcecode.swift; name = HJWebsocketDogma.swift; path = ../Sources/HJWebsocketDogma.swift; sourceTree = "<group>"; };
		27014DB621C0E7220015E92B /* Sample-Bridging-Header.h */ = {isa = PBXFileReference; lastKnownFileType = sourcecode.c.h; path = "Sample-Bridging-Header.h"; sourceTree = "<group>"; };
		37EBB74D91BABCC4229D5C8E /* Pods-Sample.debug.xcconfig */ = {isa = PBXFileReference; includeInIndex = 1; lastKnownFileType = text.xcconfig; name = "Pods-Sample.debug.xcconfig"; path = "Pods/Target Support Files/Pods-Sample/Pods-Sample.debug.xcconfig"; sourceTree = "<group>"; };
		C57F559BD5FB2E6B797E58DF /* Pods-Sample.release.xcconfig */ = {isa = PBXFileReference; includeInIndex = 1; lastKnownFileType = text.xcconfig; name = "Pods-Sample.release.xcconfig"; path = "Pods/Target Support Files/Pods-Sample/Pods-Sample.release.xcconfig"; sourceTree = "<group>"; };
/* End PBXFileReference section */

/* Begin PBXFrameworksBuildPhase section */
		27014D9A21C0A8CC0015E92B /* Frameworks */ = {
			isa = PBXFrameworksBuildPhase;
			buildActionMask = 2147483647;
			files = (
				CCD1889A62BCCCC2D9527A5C /* libPods-Sample.a in Frameworks */,
			);
			runOnlyForDeploymentPostprocessing = 0;
		};
/* End PBXFrameworksBuildPhase section */

/* Begin PBXGroup section */
		27014D9421C0A8CC0015E92B = {
			isa = PBXGroup;
			children = (
				27014D9F21C0A8CC0015E92B /* Sample */,
				27014DB321C0A9AF0015E92B /* HJWebsocketDogma */,
				27014D9E21C0A8CC0015E92B /* Products */,
				5836D85F0E2F9210FB1B8B25 /* Pods */,
				87B43FF5FFAE19FEA033C291 /* Frameworks */,
			);
			sourceTree = "<group>";
		};
		27014D9E21C0A8CC0015E92B /* Products */ = {
			isa = PBXGroup;
			children = (
				27014D9D21C0A8CC0015E92B /* Sample.app */,
			);
			name = Products;
			sourceTree = "<group>";
		};
		27014D9F21C0A8CC0015E92B /* Sample */ = {
			isa = PBXGroup;
			children = (
				27014DA021C0A8CC0015E92B /* AppDelegate.swift */,
				27014DA221C0A8CC0015E92B /* ViewController.swift */,
				27014DA421C0A8CC0015E92B /* Main.storyboard */,
				27014DA721C0A8CE0015E92B /* Assets.xcassets */,
				27014DA921C0A8CE0015E92B /* LaunchScreen.storyboard */,
				27014DAC21C0A8CE0015E92B /* Info.plist */,
				27014DB621C0E7220015E92B /* Sample-Bridging-Header.h */,
			);
			path = Sample;
			sourceTree = "<group>";
		};
		27014DB321C0A9AF0015E92B /* HJWebsocketDogma */ = {
			isa = PBXGroup;
			children = (
				27014DB421C0E6D60015E92B /* HJWebsocketDogma.swift */,
			);
			name = HJWebsocketDogma;
			sourceTree = "<group>";
		};
		5836D85F0E2F9210FB1B8B25 /* Pods */ = {
			isa = PBXGroup;
			children = (
				37EBB74D91BABCC4229D5C8E /* Pods-Sample.debug.xcconfig */,
				C57F559BD5FB2E6B797E58DF /* Pods-Sample.release.xcconfig */,
			);
			name = Pods;
			sourceTree = "<group>";
		};
		87B43FF5FFAE19FEA033C291 /* Frameworks */ = {
			isa = PBXGroup;
			children = (
				1E017300CE951F59EAFA13DB /* libPods-Sample.a */,
			);
			name = Frameworks;
			sourceTree = "<group>";
		};
/* End PBXGroup section */

/* Begin PBXNativeTarget section */
		27014D9C21C0A8CC0015E92B /* Sample */ = {
			isa = PBXNativeTarget;
			buildConfigurationList = 27014DAF21C0A8CE0015E92B /* Build configuration list for PBXNativeTarget "Sample" */;
			buildPhases = (
				8ECFF19B34DBA0A8584F923B /* [CP] Check Pods Manifest.lock */,
				27014D9921C0A8CC0015E92B /* Sources */,
				27014D9A21C0A8CC0015E92B /* Frameworks */,
				27014D9B21C0A8CC0015E92B /* Resources */,
			);
			buildRules = (
			);
			dependencies = (
			);
			name = Sample;
			productName = Sample;
			productReference = 27014D9D21C0A8CC0015E92B /* Sample.app */;
			productType = "com.apple.product-type.application";
		};
/* End PBXNativeTarget section */

/* Begin PBXProject section */
		27014D9521C0A8CC0015E92B /* Project object */ = {
			isa = PBXProject;
			attributes = {
				LastSwiftUpdateCheck = 1010;
				LastUpgradeCheck = 1010;
				TargetAttributes = {
					27014D9C21C0A8CC0015E92B = {
						CreatedOnToolsVersion = 10.1;
						LastSwiftMigration = 1010;
					};
				};
			};
			buildConfigurationList = 27014D9821C0A8CC0015E92B /* Build configuration list for PBXProject "Sample" */;
			compatibilityVersion = "Xcode 9.3";
			developmentRegion = en;
			hasScannedForEncodings = 0;
			knownRegions = (
				en,
				Base,
			);
			mainGroup = 27014D9421C0A8CC0015E92B;
			productRefGroup = 27014D9E21C0A8CC0015E92B /* Products */;
			projectDirPath = "";
			projectRoot = "";
			targets = (
				27014D9C21C0A8CC0015E92B /* Sample */,
			);
		};
/* End PBXProject section */

/* Begin PBXResourcesBuildPhase section */
		27014D9B21C0A8CC0015E92B /* Resources */ = {
			isa = PBXResourcesBuildPhase;
			buildActionMask = 2147483647;
			files = (
				27014DAB21C0A8CE0015E92B /* LaunchScreen.storyboard in Resources */,
				27014DA821C0A8CE0015E92B /* Assets.xcassets in Resources */,
				27014DA621C0A8CC0015E92B /* Main.storyboard in Resources */,
			);
			runOnlyForDeploymentPostprocessing = 0;
		};
/* End PBXResourcesBuildPhase section */

/* Begin PBXShellScriptBuildPhase section */
		8ECFF19B34DBA0A8584F923B /* [CP] Check Pods Manifest.lock */ = {
			isa = PBXShellScriptBuildPhase;
			buildActionMask = 2147483647;
			files = (
			);
			inputFileListPaths = (
			);
			inputPaths = (
				"${PODS_PODFILE_DIR_PATH}/Podfile.lock",
				"${PODS_ROOT}/Manifest.lock",
			);
			name = "[CP] Check Pods Manifest.lock";
			outputFileListPaths = (
			);
			outputPaths = (
				"$(DERIVED_FILE_DIR)/Pods-Sample-checkManifestLockResult.txt",
			);
			runOnlyForDeploymentPostprocessing = 0;
			shellPath = /bin/sh;
			shellScript = "diff \"${PODS_PODFILE_DIR_PATH}/Podfile.lock\" \"${PODS_ROOT}/Manifest.lock\" > /dev/null\nif [ $? != 0 ] ; then\n    # print error to STDERR\n    echo \"error: The sandbox is not in sync with the Podfile.lock. Run 'pod install' or update your CocoaPods installation.\" >&2\n    exit 1\nfi\n# This output is used by Xcode 'outputs' to avoid re-running this script phase.\necho \"SUCCESS\" > \"${SCRIPT_OUTPUT_FILE_0}\"\n";
			showEnvVarsInLog = 0;
		};
/* End PBXShellScriptBuildPhase section */

/* Begin PBXSourcesBuildPhase section */
		27014D9921C0A8CC0015E92B /* Sources */ = {
			isa = PBXSourcesBuildPhase;
			buildActionMask = 2147483647;
			files = (
				27014DB521C0E6D60015E92B /* HJWebsocketDogma.swift in Sources */,
				27014DA321C0A8CC0015E92B /* ViewController.swift in Sources */,
				27014DA121C0A8CC0015E92B /* AppDelegate.swift in Sources */,
			);
			runOnlyForDeploymentPostprocessing = 0;
		};
/* End PBXSourcesBuildPhase section */

/* Begin PBXVariantGroup section */
		27014DA421C0A8CC0015E92B /* Main.storyboard */ = {
			isa = PBXVariantGroup;
			children = (
				27014DA521C0A8CC0015E92B /* Base */,
			);
			name = Main.storyboard;
			sourceTree = "<group>";
		};
		27014DA921C0A8CE0015E92B /* LaunchScreen.storyboard */ = {
			isa = PBXVariantGroup;
			children = (
				27014DAA21C0A8CE0015E92B /* Base */,
			);
			name = LaunchScreen.storyboard;
			sourceTree = "<group>";
		};
/* End PBXVariantGroup section */

/* Begin XCBuildConfiguration section */
		27014DAD21C0A8CE0015E92B /* Debug */ = {
			isa = XCBuildConfiguration;
			buildSettings = {
				ALWAYS_SEARCH_USER_PATHS = NO;
				CLANG_ANALYZER_NONNULL = YES;
				CLANG_ANALYZER_NUMBER_OBJECT_CONVERSION = YES_AGGRESSIVE;
				CLANG_CXX_LANGUAGE_STANDARD = "gnu++14";
				CLANG_CXX_LIBRARY = "libc++";
				CLANG_ENABLE_MODULES = YES;
				CLANG_ENABLE_OBJC_ARC = YES;
				CLANG_ENABLE_OBJC_WEAK = YES;
				CLANG_WARN_BLOCK_CAPTURE_AUTORELEASING = YES;
				CLANG_WARN_BOOL_CONVERSION = YES;
				CLANG_WARN_COMMA = YES;
				CLANG_WARN_CONSTANT_CONVERSION = YES;
				CLANG_WARN_DEPRECATED_OBJC_IMPLEMENTATIONS = YES;
				CLANG_WARN_DIRECT_OBJC_ISA_USAGE = YES_ERROR;
				CLANG_WARN_DOCUMENTATION_COMMENTS = YES;
				CLANG_WARN_EMPTY_BODY = YES;
				CLANG_WARN_ENUM_CONVERSION = YES;
				CLANG_WARN_INFINITE_RECURSION = YES;
				CLANG_WARN_INT_CONVERSION = YES;
				CLANG_WARN_NON_LITERAL_NULL_CONVERSION = YES;
				CLANG_WARN_OBJC_IMPLICIT_RETAIN_SELF = YES;
				CLANG_WARN_OBJC_LITERAL_CONVERSION = YES;
				CLANG_WARN_OBJC_ROOT_CLASS = YES_ERROR;
				CLANG_WARN_RANGE_LOOP_ANALYSIS = YES;
				CLANG_WARN_STRICT_PROTOTYPES = YES;
				CLANG_WARN_SUSPICIOUS_MOVE = YES;
				CLANG_WARN_UNGUARDED_AVAILABILITY = YES_AGGRESSIVE;
				CLANG_WARN_UNREACHABLE_CODE = YES;
				CLANG_WARN__DUPLICATE_METHOD_MATCH = YES;
				CODE_SIGN_IDENTITY = "iPhone Developer";
				COPY_PHASE_STRIP = NO;
				DEBUG_INFORMATION_FORMAT = dwarf;
				ENABLE_STRICT_OBJC_MSGSEND = YES;
				ENABLE_TESTABILITY = YES;
				GCC_C_LANGUAGE_STANDARD = gnu11;
				GCC_DYNAMIC_NO_PIC = NO;
				GCC_NO_COMMON_BLOCKS = YES;
				GCC_OPTIMIZATION_LEVEL = 0;
				GCC_PREPROCESSOR_DEFINITIONS = (
					"DEBUG=1",
					"$(inherited)",
				);
				GCC_WARN_64_TO_32_BIT_CONVERSION = YES;
				GCC_WARN_ABOUT_RETURN_TYPE = YES_ERROR;
				GCC_WARN_UNDECLARED_SELECTOR = YES;
				GCC_WARN_UNINITIALIZED_AUTOS = YES_AGGRESSIVE;
				GCC_WARN_UNUSED_FUNCTION = YES;
				GCC_WARN_UNUSED_VARIABLE = YES;
				IPHONEOS_DEPLOYMENT_TARGET = 9.2;
				MTL_ENABLE_DEBUG_INFO = INCLUDE_SOURCE;
				MTL_FAST_MATH = YES;
				ONLY_ACTIVE_ARCH = YES;
				SDKROOT = iphoneos;
				SWIFT_ACTIVE_COMPILATION_CONDITIONS = DEBUG;
				SWIFT_OPTIMIZATION_LEVEL = "-Onone";
			};
			name = Debug;
		};
		27014DAE21C0A8CE0015E92B /* Release */ = {
			isa = XCBuildConfiguration;
			buildSettings = {
				ALWAYS_SEARCH_USER_PATHS = NO;
				CLANG_ANALYZER_NONNULL = YES;
				CLANG_ANALYZER_NUMBER_OBJECT_CONVERSION = YES_AGGRESSIVE;
				CLANG_CXX_LANGUAGE_STANDARD = "gnu++14";
				CLANG_CXX_LIBRARY = "libc++";
				CLANG_ENABLE_MODULES = YES;
				CLANG_ENABLE_OBJC_ARC = YES;
				CLANG_ENABLE_OBJC_WEAK = YES;
				CLANG_WARN_BLOCK_CAPTURE_AUTORELEASING = YES;
				CLANG_WARN_BOOL_CONVERSION = YES;
				CLANG_WARN_COMMA = YES;
				CLANG_WARN_CONSTANT_CONVERSION = YES;
				CLANG_WARN_DEPRECATED_OBJC_IMPLEMENTATIONS = YES;
				CLANG_WARN_DIRECT_OBJC_ISA_USAGE = YES_ERROR;
				CLANG_WARN_DOCUMENTATION_COMMENTS = YES;
				CLANG_WARN_EMPTY_BODY = YES;
				CLANG_WARN_ENUM_CONVERSION = YES;
				CLANG_WARN_INFINITE_RECURSION = YES;
				CLANG_WARN_INT_CONVERSION = YES;
				CLANG_WARN_NON_LITERAL_NULL_CONVERSION = YES;
				CLANG_WARN_OBJC_IMPLICIT_RETAIN_SELF = YES;
				CLANG_WARN_OBJC_LITERAL_CONVERSION = YES;
				CLANG_WARN_OBJC_ROOT_CLASS = YES_ERROR;
				CLANG_WARN_RANGE_LOOP_ANALYSIS = YES;
				CLANG_WARN_STRICT_PROTOTYPES = YES;
				CLANG_WARN_SUSPICIOUS_MOVE = YES;
				CLANG_WARN_UNGUARDED_AVAILABILITY = YES_AGGRESSIVE;
				CLANG_WARN_UNREACHABLE_CODE = YES;
				CLANG_WARN__DUPLICATE_METHOD_MATCH = YES;
				CODE_SIGN_IDENTITY = "iPhone Developer";
				COPY_PHASE_STRIP = NO;
				DEBUG_INFORMATION_FORMAT = "dwarf-with-dsym";
				ENABLE_NS_ASSERTIONS = NO;
				ENABLE_STRICT_OBJC_MSGSEND = YES;
				GCC_C_LANGUAGE_STANDARD = gnu11;
				GCC_NO_COMMON_BLOCKS = YES;
				GCC_WARN_64_TO_32_BIT_CONVERSION = YES;
				GCC_WARN_ABOUT_RETURN_TYPE = YES_ERROR;
				GCC_WARN_UNDECLARED_SELECTOR = YES;
				GCC_WARN_UNINITIALIZED_AUTOS = YES_AGGRESSIVE;
				GCC_WARN_UNUSED_FUNCTION = YES;
				GCC_WARN_UNUSED_VARIABLE = YES;
				IPHONEOS_DEPLOYMENT_TARGET = 9.2;
				MTL_ENABLE_DEBUG_INFO = NO;
				MTL_FAST_MATH = YES;
				SDKROOT = iphoneos;
				SWIFT_COMPILATION_MODE = wholemodule;
				SWIFT_OPTIMIZATION_LEVEL = "-O";
				VALIDATE_PRODUCT = YES;
			};
			name = Release;
		};
		27014DB021C0A8CE0015E92B /* Debug */ = {
			isa = XCBuildConfiguration;
			baseConfigurationReference = 37EBB74D91BABCC4229D5C8E /* Pods-Sample.debug.xcconfig */;
			buildSettings = {
				ASSETCATALOG_COMPILER_APPICON_NAME = AppIcon;
				CLANG_ENABLE_MODULES = YES;
				CODE_SIGN_STYLE = Automatic;
				INFOPLIST_FILE = Sample/Info.plist;
				LD_RUNPATH_SEARCH_PATHS = (
					"$(inherited)",
					"@executable_path/Frameworks",
				);
				PRODUCT_BUNDLE_IDENTIFIER = com.p9soft.Sample.Sample;
				PRODUCT_NAME = "$(TARGET_NAME)";
				SWIFT_OBJC_BRIDGING_HEADER = "Sample/Sample-Bridging-Header.h";
				SWIFT_OPTIMIZATION_LEVEL = "-Onone";
				SWIFT_VERSION = 4.2;
				TARGETED_DEVICE_FAMILY = "1,2";
			};
			name = Debug;
		};
		27014DB121C0A8CE0015E92B /* Release */ = {
			isa = XCBuildConfiguration;
			baseConfigurationReference = C57F559BD5FB2E6B797E58DF /* Pods-Sample.release.xcconfig */;
			buildSettings = {
				ASSETCATALOG_COMPILER_APPICON_NAME = AppIcon;
				CLANG_ENABLE_MODULES = YES;
				CODE_SIGN_STYLE = Automatic;
				INFOPLIST_FILE = Sample/Info.plist;
				LD_RUNPATH_SEARCH_PATHS = (
					"$(inherited)",
					"@executable_path/Frameworks",
				);
				PRODUCT_BUNDLE_IDENTIFIER = com.p9soft.Sample.Sample;
				PRODUCT_NAME = "$(TARGET_NAME)";
				SWIFT_OBJC_BRIDGING_HEADER = "Sample/Sample-Bridging-Header.h";
				SWIFT_VERSION = 4.2;
				TARGETED_DEVICE_FAMILY = "1,2";
			};
			name = Release;
		};
/* End XCBuildConfiguration section */

/* Begin XCConfigurationList section */
		27014D9821C0A8CC0015E92B /* Build configuration list for PBXProject "Sample" */ = {
			isa = XCConfigurationList;
			buildConfigurations = (
				27014DAD21C0A8CE0015E92B /* Debug */,
				27014DAE21C0A8CE0015E92B /* Release */,
			);
			defaultConfigurationIsVisible = 0;
			defaultConfigurationName = Release;
		};
		27014DAF21C0A8CE0015E92B /* Build configuration list for PBXNativeTarget "Sample" */ = {
			isa = XCConfigurationList;
			buildConfigurations = (
				27014DB021C0A8CE0015E92B /* Debug */,
				27014DB121C0A8CE0015E92B /* Release */,
			);
			defaultConfigurationIsVisible = 0;
			defaultConfigurationName = Release;
		};
/* End XCConfigurationList section */
	};
	rootObject = 27014D9521C0A8CC0015E92B /* Project object */;
}
